# This file is automatically @generated by Cargo.
# It is not intended for manual editing.
version = 4

[[package]]
name = "either"
version = "1.13.0"
source = "registry+https://github.com/rust-lang/crates.io-index"
checksum = "60b1af1c220855b6ceac025d3f6ecdd2b7c4894bfe9cd9bda4fbb4bc7c0d4cf0"

[[package]]
name = "pkusoftwareanalysislab2"
version = "0.1.0"
dependencies = [
 "either",
 "sexp",
]

[[package]]
name = "sexp"
version = "1.1.4"
source = "registry+https://github.com/rust-lang/crates.io-index"
checksum = "9c8fa7ac9df84000b0238cf497cb2d3056bac2ff2a7d8cf179d2803b4b58571f"
